
Microsoft Visual Studio Solution File, Format Version 12.00
# Visual Studio Version 16
VisualStudioVersion = 16.0.32602.291
MinimumVisualStudioVersion = 10.0.40219.1
Project("{FAE04EC0-301F-11D3-BF4B-00C04F79EFBC}") = "Ejercicio2 de Jonathan Benigni", "Ejercicio2 de Jonathan Benigni.csproj", "{BDF999BF-193B-4CE6-BD9E-CCB3335B3851}"
EndProject
Global
	GlobalSection(SolutionConfigurationPlatforms) = preSolution
		Debug|Any CPU = Debug|Any CPU
		Release|Any CPU = Release|Any CPU
	EndGlobalSection
	GlobalSection(ProjectConfigurationPlatforms) = postSolution
		{BDF999BF-193B-4CE6-BD9E-CCB3335B3851}.Debug|Any CPU.ActiveCfg = Debug|Any CPU
		{BDF999BF-193B-4CE6-BD9E-CCB3335B3851}.Debug|Any CPU.Build.0 = Debug|Any CPU
		{BDF999BF-193B-4CE6-BD9E-CCB3335B3851}.Release|Any CPU.ActiveCfg = Release|Any CPU
		{BDF999BF-193B-4CE6-BD9E-CCB3335B3851}.Release|Any CPU.Build.0 = Release|Any CPU
	EndGlobalSection
	GlobalSection(SolutionProperties) = preSolution
		HideSolutionNode = FALSE
	EndGlobalSection
	GlobalSection(ExtensibilityGlobals) = postSolution
		SolutionGuid = {DFC7E4C0-953B-47DB-B86A-7EFC90DCE7F6}
	EndGlobalSection
EndGlobal
